
Microsoft Visual Studio Solution File, Format Version 12.00
# Visual Studio Version 16
VisualStudioVersion = 16.0.33927.289
MinimumVisualStudioVersion = 10.0.40219.1
Project("{FAE04EC0-301F-11D3-BF4B-00C04F79EFBC}") = "Proje_OPP", "Proje_OPP\Proje_OPP.csproj", "{7A72C1F1-99C7-4F73-9638-21B0A7A6DE41}"
EndProject
Global
	GlobalSection(SolutionConfigurationPlatforms) = preSolution
		Debug|Any CPU = Debug|Any CPU
		Release|Any CPU = Release|Any CPU
	EndGlobalSection
	GlobalSection(ProjectConfigurationPlatforms) = postSolution
		{7A72C1F1-99C7-4F73-9638-21B0A7A6DE41}.Debug|Any CPU.ActiveCfg = Debug|Any CPU
		{7A72C1F1-99C7-4F73-9638-21B0A7A6DE41}.Debug|Any CPU.Build.0 = Debug|Any CPU
		{7A72C1F1-99C7-4F73-9638-21B0A7A6DE41}.Release|Any CPU.ActiveCfg = Release|Any CPU
		{7A72C1F1-99C7-4F73-9638-21B0A7A6DE41}.Release|Any CPU.Build.0 = Release|Any CPU
	EndGlobalSection
	GlobalSection(SolutionProperties) = preSolution
		HideSolutionNode = FALSE
	EndGlobalSection
	GlobalSection(ExtensibilityGlobals) = postSolution
		SolutionGuid = {2EA62ABD-5904-45BE-AF0E-4295CA62C958}
	EndGlobalSection
EndGlobal
